{
  "pins" : [
    {
      "identity" : "controlkitbase",
      "kind" : "remoteSourceControl",
      "location" : "https://github.com/ControlKit/ControlKitBase.git",
      "state" : {
        "branch" : "main",
        "revision" : "2122e84d198c27c9f22c7aa54c8ebe12b251ceb4"
      }
    }
  ],
  "version" : 2
}
