{
  "pins" : [
    {
      "identity" : "controlkitbase",
      "kind" : "remoteSourceControl",
      "location" : "https://github.com/ControlKit/ControlKitBase.git",
      "state" : {
        "branch" : "main",
        "revision" : "091206a4d89e4cd90aad0b490b52c6577e29afe2"
      }
    }
  ],
  "version" : 2
}
